// !$*UTF8*$!
{
	archiveVersion = 1;
	classes = {
	};
	objectVersion = 46;
	objects = {

/* Begin PBXBuildFile section */
		C772C0A11AA5CF7400F6C51F /* BJRangeSlider.bundle in Resources */ = {isa = PBXBuildFile; fileRef = C772C09E1AA5CF7400F6C51F /* BJRangeSlider.bundle */; };
		C772C0A21AA5CF7400F6C51F /* BJRangeSliderWithProgress.m in Sources */ = {isa = PBXBuildFile; fileRef = C772C0A01AA5CF7400F6C51F /* BJRangeSliderWithProgress.m */; };
		C772C0A61AA5EEAD00F6C51F /* ButtonIcon.png in Resources */ = {isa = PBXBuildFile; fileRef = C772C0A51AA5EEAD00F6C51F /* ButtonIcon.png */; };
		C7934B891AA5649100201915 /* main.m in Sources */ = {isa = PBXBuildFile; fileRef = C7934B881AA5649100201915 /* main.m */; };
		C7934B8C1AA5649100201915 /* AppDelegate.m in Sources */ = {isa = PBXBuildFile; fileRef = C7934B8B1AA5649100201915 /* AppDelegate.m */; };
		C7934B921AA5649100201915 /* Main.storyboard in Resources */ = {isa = PBXBuildFile; fileRef = C7934B901AA5649100201915 /* Main.storyboard */; };
		C7934B941AA5649100201915 /* Images.xcassets in Resources */ = {isa = PBXBuildFile; fileRef = C7934B931AA5649100201915 /* Images.xcassets */; };
		C7934B971AA5649100201915 /* LaunchScreen.xib in Resources */ = {isa = PBXBuildFile; fileRef = C7934B951AA5649100201915 /* LaunchScreen.xib */; };
		C7934BA31AA5649100201915 /* SimpleSamplerTests.m in Sources */ = {isa = PBXBuildFile; fileRef = C7934BA21AA5649100201915 /* SimpleSamplerTests.m */; };
		C7934BAE1AA564BF00201915 /* PlayViewController.m in Sources */ = {isa = PBXBuildFile; fileRef = C7934BAD1AA564BF00201915 /* PlayViewController.m */; };
		C7934BB31AA5667900201915 /* samplerButton.png in Resources */ = {isa = PBXBuildFile; fileRef = C7934BAF1AA5667900201915 /* samplerButton.png */; };
		C7934BB41AA5667900201915 /* RecStartButton.png in Resources */ = {isa = PBXBuildFile; fileRef = C7934BB01AA5667900201915 /* RecStartButton.png */; };
		C7934BB51AA5667900201915 /* RecStopButton.png in Resources */ = {isa = PBXBuildFile; fileRef = C7934BB11AA5667900201915 /* RecStopButton.png */; };
		C7934BB61AA5667900201915 /* PlayButton.png in Resources */ = {isa = PBXBuildFile; fileRef = C7934BB21AA5667900201915 /* PlayButton.png */; };
		C7934BB81AA566E600201915 /* burger.png in Resources */ = {isa = PBXBuildFile; fileRef = C7934BB71AA566E600201915 /* burger.png */; };
		C7934BBB1AA5674100201915 /* RecViewController.m in Sources */ = {isa = PBXBuildFile; fileRef = C7934BBA1AA5674100201915 /* RecViewController.m */; };
		C7934BBE1AA567D300201915 /* AddViewController.m in Sources */ = {isa = PBXBuildFile; fileRef = C7934BBD1AA567D300201915 /* AddViewController.m */; };
		C7934BC11AA567FF00201915 /* EditViewController.m in Sources */ = {isa = PBXBuildFile; fileRef = C7934BC01AA567FF00201915 /* EditViewController.m */; };
		C7934BC41AA5684A00201915 /* FileTableViewController.m in Sources */ = {isa = PBXBuildFile; fileRef = C7934BC31AA5684A00201915 /* FileTableViewController.m */; };
		C7934BC71AA56DE900201915 /* InitializeViewController.m in Sources */ = {isa = PBXBuildFile; fileRef = C7934BC61AA56DE900201915 /* InitializeViewController.m */; };
/* End PBXBuildFile section */

/* Begin PBXContainerItemProxy section */
		C7934B9D1AA5649100201915 /* PBXContainerItemProxy */ = {
			isa = PBXContainerItemProxy;
			containerPortal = C7934B7B1AA5649000201915 /* Project object */;
			proxyType = 1;
			remoteGlobalIDString = C7934B821AA5649000201915;
			remoteInfo = SimpleSampler;
		};
/* End PBXContainerItemProxy section */

/* Begin PBXFileReference section */
		C772C09E1AA5CF7400F6C51F /* BJRangeSlider.bundle */ = {isa = PBXFileReference; lastKnownFileType = "wrapper.plug-in"; path = BJRangeSlider.bundle; sourceTree = "<group>"; };
		C772C09F1AA5CF7400F6C51F /* BJRangeSliderWithProgress.h */ = {isa = PBXFileReference; fileEncoding = 4; lastKnownFileType = sourcecode.c.h; path = BJRangeSliderWithProgress.h; sourceTree = "<group>"; };
		C772C0A01AA5CF7400F6C51F /* BJRangeSliderWithProgress.m */ = {isa = PBXFileReference; fileEncoding = 4; lastKnownFileType = sourcecode.c.objc; path = BJRangeSliderWithProgress.m; sourceTree = "<group>"; };
		C772C0A51AA5EEAD00F6C51F /* ButtonIcon.png */ = {isa = PBXFileReference; lastKnownFileType = image.png; path = ButtonIcon.png; sourceTree = "<group>"; };
		C7934B831AA5649000201915 /* SimpleSampler.app */ = {isa = PBXFileReference; explicitFileType = wrapper.application; includeInIndex = 0; path = SimpleSampler.app; sourceTree = BUILT_PRODUCTS_DIR; };
		C7934B871AA5649100201915 /* Info.plist */ = {isa = PBXFileReference; lastKnownFileType = text.plist.xml; path = Info.plist; sourceTree = "<group>"; };
		C7934B881AA5649100201915 /* main.m */ = {isa = PBXFileReference; lastKnownFileType = sourcecode.c.objc; path = main.m; sourceTree = "<group>"; };
		C7934B8A1AA5649100201915 /* AppDelegate.h */ = {isa = PBXFileReference; lastKnownFileType = sourcecode.c.h; path = AppDelegate.h; sourceTree = "<group>"; };
		C7934B8B1AA5649100201915 /* AppDelegate.m */ = {isa = PBXFileReference; lastKnownFileType = sourcecode.c.objc; path = AppDelegate.m; sourceTree = "<group>"; };
		C7934B911AA5649100201915 /* Base */ = {isa = PBXFileReference; lastKnownFileType = file.storyboard; name = Base; path = Base.lproj/Main.storyboard; sourceTree = "<group>"; };
		C7934B931AA5649100201915 /* Images.xcassets */ = {isa = PBXFileReference; lastKnownFileType = folder.assetcatalog; path = Images.xcassets; sourceTree = "<group>"; };
		C7934B961AA5649100201915 /* Base */ = {isa = PBXFileReference; lastKnownFileType = file.xib; name = Base; path = Base.lproj/LaunchScreen.xib; sourceTree = "<group>"; };
		C7934B9C1AA5649100201915 /* SimpleSamplerTests.xctest */ = {isa = PBXFileReference; explicitFileType = wrapper.cfbundle; includeInIndex = 0; path = SimpleSamplerTests.xctest; sourceTree = BUILT_PRODUCTS_DIR; };
		C7934BA11AA5649100201915 /* Info.plist */ = {isa = PBXFileReference; lastKnownFileType = text.plist.xml; path = Info.plist; sourceTree = "<group>"; };
		C7934BA21AA5649100201915 /* SimpleSamplerTests.m */ = {isa = PBXFileReference; lastKnownFileType = sourcecode.c.objc; path = SimpleSamplerTests.m; sourceTree = "<group>"; };
		C7934BAC1AA564BF00201915 /* PlayViewController.h */ = {isa = PBXFileReference; fileEncoding = 4; lastKnownFileType = sourcecode.c.h; path = PlayViewController.h; sourceTree = "<group>"; };
		C7934BAD1AA564BF00201915 /* PlayViewController.m */ = {isa = PBXFileReference; fileEncoding = 4; lastKnownFileType = sourcecode.c.objc; path = PlayViewController.m; sourceTree = "<group>"; };
		C7934BAF1AA5667900201915 /* samplerButton.png */ = {isa = PBXFileReference; lastKnownFileType = image.png; path = samplerButton.png; sourceTree = "<group>"; };
		C7934BB01AA5667900201915 /* RecStartButton.png */ = {isa = PBXFileReference; lastKnownFileType = image.png; path = RecStartButton.png; sourceTree = "<group>"; };
		C7934BB11AA5667900201915 /* RecStopButton.png */ = {isa = PBXFileReference; lastKnownFileType = image.png; path = RecStopButton.png; sourceTree = "<group>"; };
		C7934BB21AA5667900201915 /* PlayButton.png */ = {isa = PBXFileReference; lastKnownFileType = image.png; path = PlayButton.png; sourceTree = "<group>"; };
		C7934BB71AA566E600201915 /* burger.png */ = {isa = PBXFileReference; lastKnownFileType = image.png; path = burger.png; sourceTree = "<group>"; };
		C7934BB91AA5674100201915 /* RecViewController.h */ = {isa = PBXFileReference; fileEncoding = 4; lastKnownFileType = sourcecode.c.h; path = RecViewController.h; sourceTree = "<group>"; };
		C7934BBA1AA5674100201915 /* RecViewController.m */ = {isa = PBXFileReference; fileEncoding = 4; lastKnownFileType = sourcecode.c.objc; path = RecViewController.m; sourceTree = "<group>"; };
		C7934BBC1AA567D300201915 /* AddViewController.h */ = {isa = PBXFileReference; fileEncoding = 4; lastKnownFileType = sourcecode.c.h; path = AddViewController.h; sourceTree = "<group>"; };
		C7934BBD1AA567D300201915 /* AddViewController.m */ = {isa = PBXFileReference; fileEncoding = 4; lastKnownFileType = sourcecode.c.objc; path = AddViewController.m; sourceTree = "<group>"; };
		C7934BBF1AA567FF00201915 /* EditViewController.h */ = {isa = PBXFileReference; fileEncoding = 4; lastKnownFileType = sourcecode.c.h; path = EditViewController.h; sourceTree = "<group>"; };
		C7934BC01AA567FF00201915 /* EditViewController.m */ = {isa = PBXFileReference; fileEncoding = 4; lastKnownFileType = sourcecode.c.objc; path = EditViewController.m; sourceTree = "<group>"; };
		C7934BC21AA5684A00201915 /* FileTableViewController.h */ = {isa = PBXFileReference; fileEncoding = 4; lastKnownFileType = sourcecode.c.h; path = FileTableViewController.h; sourceTree = "<group>"; };
		C7934BC31AA5684A00201915 /* FileTableViewController.m */ = {isa = PBXFileReference; fileEncoding = 4; lastKnownFileType = sourcecode.c.objc; path = FileTableViewController.m; sourceTree = "<group>"; };
		C7934BC51AA56DE900201915 /* InitializeViewController.h */ = {isa = PBXFileReference; fileEncoding = 4; lastKnownFileType = sourcecode.c.h; path = InitializeViewController.h; sourceTree = "<group>"; };
		C7934BC61AA56DE900201915 /* InitializeViewController.m */ = {isa = PBXFileReference; fileEncoding = 4; lastKnownFileType = sourcecode.c.objc; path = InitializeViewController.m; sourceTree = "<group>"; };
/* End PBXFileReference section */

/* Begin PBXFrameworksBuildPhase section */
		C7934B801AA5649000201915 /* Frameworks */ = {
			isa = PBXFrameworksBuildPhase;
			buildActionMask = 2147483647;
			files = (
			);
			runOnlyForDeploymentPostprocessing = 0;
		};
		C7934B991AA5649100201915 /* Frameworks */ = {
			isa = PBXFrameworksBuildPhase;
			buildActionMask = 2147483647;
			files = (
			);
			runOnlyForDeploymentPostprocessing = 0;
		};
/* End PBXFrameworksBuildPhase section */

/* Begin PBXGroup section */
		C772C09D1AA5CF7400F6C51F /* BJRangeSliderWithProgress */ = {
			isa = PBXGroup;
			children = (
				C772C09E1AA5CF7400F6C51F /* BJRangeSlider.bundle */,
				C772C09F1AA5CF7400F6C51F /* BJRangeSliderWithProgress.h */,
				C772C0A01AA5CF7400F6C51F /* BJRangeSliderWithProgress.m */,
			);
			path = BJRangeSliderWithProgress;
			sourceTree = "<group>";
		};
		C7934B7A1AA5649000201915 = {
			isa = PBXGroup;
			children = (
				C7934B851AA5649000201915 /* SimpleSampler */,
				C7934B9F1AA5649100201915 /* SimpleSamplerTests */,
				C7934B841AA5649000201915 /* Products */,
			);
			sourceTree = "<group>";
		};
		C7934B841AA5649000201915 /* Products */ = {
			isa = PBXGroup;
			children = (
				C7934B831AA5649000201915 /* SimpleSampler.app */,
				C7934B9C1AA5649100201915 /* SimpleSamplerTests.xctest */,
			);
			name = Products;
			sourceTree = "<group>";
		};
		C7934B851AA5649000201915 /* SimpleSampler */ = {
			isa = PBXGroup;
			children = (
				C7934BB71AA566E600201915 /* burger.png */,
				C772C09D1AA5CF7400F6C51F /* BJRangeSliderWithProgress */,
				C7934BAF1AA5667900201915 /* samplerButton.png */,
				C7934BB01AA5667900201915 /* RecStartButton.png */,
				C7934BB11AA5667900201915 /* RecStopButton.png */,
				C7934BB21AA5667900201915 /* PlayButton.png */,
				C772C0A51AA5EEAD00F6C51F /* ButtonIcon.png */,
				C7934B8A1AA5649100201915 /* AppDelegate.h */,
				C7934B8B1AA5649100201915 /* AppDelegate.m */,
				C7934BAC1AA564BF00201915 /* PlayViewController.h */,
				C7934BAD1AA564BF00201915 /* PlayViewController.m */,
				C7934BB91AA5674100201915 /* RecViewController.h */,
				C7934BBA1AA5674100201915 /* RecViewController.m */,
				C7934BBC1AA567D300201915 /* AddViewController.h */,
				C7934BBD1AA567D300201915 /* AddViewController.m */,
				C7934BBF1AA567FF00201915 /* EditViewController.h */,
				C7934BC01AA567FF00201915 /* EditViewController.m */,
				C7934BC21AA5684A00201915 /* FileTableViewController.h */,
				C7934BC31AA5684A00201915 /* FileTableViewController.m */,
				C7934BC51AA56DE900201915 /* InitializeViewController.h */,
				C7934BC61AA56DE900201915 /* InitializeViewController.m */,
				C7934B901AA5649100201915 /* Main.storyboard */,
				C7934B931AA5649100201915 /* Images.xcassets */,
				C7934B951AA5649100201915 /* LaunchScreen.xib */,
				C7934B861AA5649100201915 /* Supporting Files */,
			);
			path = SimpleSampler;
			sourceTree = "<group>";
		};
		C7934B861AA5649100201915 /* Supporting Files */ = {
			isa = PBXGroup;
			children = (
				C7934B871AA5649100201915 /* Info.plist */,
				C7934B881AA5649100201915 /* main.m */,
			);
			name = "Supporting Files";
			sourceTree = "<group>";
		};
		C7934B9F1AA5649100201915 /* SimpleSamplerTests */ = {
			isa = PBXGroup;
			children = (
				C7934BA21AA5649100201915 /* SimpleSamplerTests.m */,
				C7934BA01AA5649100201915 /* Supporting Files */,
			);
			path = SimpleSamplerTests;
			sourceTree = "<group>";
		};
		C7934BA01AA5649100201915 /* Supporting Files */ = {
			isa = PBXGroup;
			children = (
				C7934BA11AA5649100201915 /* Info.plist */,
			);
			name = "Supporting Files";
			sourceTree = "<group>";
		};
/* End PBXGroup section */

/* Begin PBXNativeTarget section */
		C7934B821AA5649000201915 /* SimpleSampler */ = {
			isa = PBXNativeTarget;
			buildConfigurationList = C7934BA61AA5649100201915 /* Build configuration list for PBXNativeTarget "SimpleSampler" */;
			buildPhases = (
				C7934B7F1AA5649000201915 /* Sources */,
				C7934B801AA5649000201915 /* Frameworks */,
				C7934B811AA5649000201915 /* Resources */,
			);
			buildRules = (
			);
			dependencies = (
			);
			name = SimpleSampler;
			productName = SimpleSampler;
			productReference = C7934B831AA5649000201915 /* SimpleSampler.app */;
			productType = "com.apple.product-type.application";
		};
		C7934B9B1AA5649100201915 /* SimpleSamplerTests */ = {
			isa = PBXNativeTarget;
			buildConfigurationList = C7934BA91AA5649100201915 /* Build configuration list for PBXNativeTarget "SimpleSamplerTests" */;
			buildPhases = (
				C7934B981AA5649100201915 /* Sources */,
				C7934B991AA5649100201915 /* Frameworks */,
				C7934B9A1AA5649100201915 /* Resources */,
			);
			buildRules = (
			);
			dependencies = (
				C7934B9E1AA5649100201915 /* PBXTargetDependency */,
			);
			name = SimpleSamplerTests;
			productName = SimpleSamplerTests;
			productReference = C7934B9C1AA5649100201915 /* SimpleSamplerTests.xctest */;
			productType = "com.apple.product-type.bundle.unit-test";
		};
/* End PBXNativeTarget section */

/* Begin PBXProject section */
		C7934B7B1AA5649000201915 /* Project object */ = {
			isa = PBXProject;
			attributes = {
				LastUpgradeCheck = 0610;
				ORGANIZATIONNAME = kztskawamu;
				TargetAttributes = {
					C7934B821AA5649000201915 = {
						CreatedOnToolsVersion = 6.1.1;
					};
					C7934B9B1AA5649100201915 = {
						CreatedOnToolsVersion = 6.1.1;
						TestTargetID = C7934B821AA5649000201915;
					};
				};
			};
			buildConfigurationList = C7934B7E1AA5649000201915 /* Build configuration list for PBXProject "SimpleSampler" */;
			compatibilityVersion = "Xcode 3.2";
			developmentRegion = English;
			hasScannedForEncodings = 0;
			knownRegions = (
				en,
				Base,
			);
			mainGroup = C7934B7A1AA5649000201915;
			productRefGroup = C7934B841AA5649000201915 /* Products */;
			projectDirPath = "";
			projectRoot = "";
			targets = (
				C7934B821AA5649000201915 /* SimpleSampler */,
				C7934B9B1AA5649100201915 /* SimpleSamplerTests */,
			);
		};
/* End PBXProject section */

/* Begin PBXResourcesBuildPhase section */
		C7934B811AA5649000201915 /* Resources */ = {
			isa = PBXResourcesBuildPhase;
			buildActionMask = 2147483647;
			files = (
				C7934BB31AA5667900201915 /* samplerButton.png in Resources */,
				C7934B921AA5649100201915 /* Main.storyboard in Resources */,
				C772C0A11AA5CF7400F6C51F /* BJRangeSlider.bundle in Resources */,
				C7934BB51AA5667900201915 /* RecStopButton.png in Resources */,
				C7934B971AA5649100201915 /* LaunchScreen.xib in Resources */,
				C7934BB81AA566E600201915 /* burger.png in Resources */,
				C772C0A61AA5EEAD00F6C51F /* ButtonIcon.png in Resources */,
				C7934B941AA5649100201915 /* Images.xcassets in Resources */,
				C7934BB41AA5667900201915 /* RecStartButton.png in Resources */,
				C7934BB61AA5667900201915 /* PlayButton.png in Resources */,
			);
			runOnlyForDeploymentPostprocessing = 0;
		};
		C7934B9A1AA5649100201915 /* Resources */ = {
			isa = PBXResourcesBuildPhase;
			buildActionMask = 2147483647;
			files = (
			);
			runOnlyForDeploymentPostprocessing = 0;
		};
/* End PBXResourcesBuildPhase section */

/* Begin PBXSourcesBuildPhase section */
		C7934B7F1AA5649000201915 /* Sources */ = {
			isa = PBXSourcesBuildPhase;
			buildActionMask = 2147483647;
			files = (
				C7934BBE1AA567D300201915 /* AddViewController.m in Sources */,
				C772C0A21AA5CF7400F6C51F /* BJRangeSliderWithProgress.m in Sources */,
				C7934B8C1AA5649100201915 /* AppDelegate.m in Sources */,
				C7934BAE1AA564BF00201915 /* PlayViewController.m in Sources */,
				C7934BC41AA5684A00201915 /* FileTableViewController.m in Sources */,
				C7934B891AA5649100201915 /* main.m in Sources */,
				C7934BC11AA567FF00201915 /* EditViewController.m in Sources */,
				C7934BC71AA56DE900201915 /* InitializeViewController.m in Sources */,
				C7934BBB1AA5674100201915 /* RecViewController.m in Sources */,
			);
			runOnlyForDeploymentPostprocessing = 0;
		};
		C7934B981AA5649100201915 /* Sources */ = {
			isa = PBXSourcesBuildPhase;
			buildActionMask = 2147483647;
			files = (
				C7934BA31AA5649100201915 /* SimpleSamplerTests.m in Sources */,
			);
			runOnlyForDeploymentPostprocessing = 0;
		};
/* End PBXSourcesBuildPhase section */

/* Begin PBXTargetDependency section */
		C7934B9E1AA5649100201915 /* PBXTargetDependency */ = {
			isa = PBXTargetDependency;
			target = C7934B821AA5649000201915 /* SimpleSampler */;
			targetProxy = C7934B9D1AA5649100201915 /* PBXContainerItemProxy */;
		};
/* End PBXTargetDependency section */

/* Begin PBXVariantGroup section */
		C7934B901AA5649100201915 /* Main.storyboard */ = {
			isa = PBXVariantGroup;
			children = (
				C7934B911AA5649100201915 /* Base */,
			);
			name = Main.storyboard;
			sourceTree = "<group>";
		};
		C7934B951AA5649100201915 /* LaunchScreen.xib */ = {
			isa = PBXVariantGroup;
			children = (
				C7934B961AA5649100201915 /* Base */,
			);
			name = LaunchScreen.xib;
			sourceTree = "<group>";
		};
/* End PBXVariantGroup section */

/* Begin XCBuildConfiguration section */
		C7934BA41AA5649100201915 /* Debug */ = {
			isa = XCBuildConfiguration;
			buildSettings = {
				ALWAYS_SEARCH_USER_PATHS = NO;
				CLANG_CXX_LANGUAGE_STANDARD = "gnu++0x";
				CLANG_CXX_LIBRARY = "libc++";
				CLANG_ENABLE_MODULES = YES;
				CLANG_ENABLE_OBJC_ARC = YES;
				CLANG_WARN_BOOL_CONVERSION = YES;
				CLANG_WARN_CONSTANT_CONVERSION = YES;
				CLANG_WARN_DIRECT_OBJC_ISA_USAGE = YES_ERROR;
				CLANG_WARN_EMPTY_BODY = YES;
				CLANG_WARN_ENUM_CONVERSION = YES;
				CLANG_WARN_INT_CONVERSION = YES;
				CLANG_WARN_OBJC_ROOT_CLASS = YES_ERROR;
				CLANG_WARN_UNREACHABLE_CODE = YES;
				CLANG_WARN__DUPLICATE_METHOD_MATCH = YES;
				"CODE_SIGN_IDENTITY[sdk=iphoneos*]" = "iPhone Developer";
				COPY_PHASE_STRIP = NO;
				ENABLE_STRICT_OBJC_MSGSEND = YES;
				GCC_C_LANGUAGE_STANDARD = gnu99;
				GCC_DYNAMIC_NO_PIC = NO;
				GCC_OPTIMIZATION_LEVEL = 0;
				GCC_PREPROCESSOR_DEFINITIONS = (
					"DEBUG=1",
					"$(inherited)",
				);
				GCC_SYMBOLS_PRIVATE_EXTERN = NO;
				GCC_WARN_64_TO_32_BIT_CONVERSION = YES;
				GCC_WARN_ABOUT_RETURN_TYPE = YES_ERROR;
				GCC_WARN_UNDECLARED_SELECTOR = YES;
				GCC_WARN_UNINITIALIZED_AUTOS = YES_AGGRESSIVE;
				GCC_WARN_UNUSED_FUNCTION = YES;
				GCC_WARN_UNUSED_VARIABLE = YES;
				IPHONEOS_DEPLOYMENT_TARGET = 8.1;
				MTL_ENABLE_DEBUG_INFO = YES;
				ONLY_ACTIVE_ARCH = YES;
				SDKROOT = iphoneos;
			};
			name = Debug;
		};
		C7934BA51AA5649100201915 /* Release */ = {
			isa = XCBuildConfiguration;
			buildSettings = {
				ALWAYS_SEARCH_USER_PATHS = NO;
				CLANG_CXX_LANGUAGE_STANDARD = "gnu++0x";
				CLANG_CXX_LIBRARY = "libc++";
				CLANG_ENABLE_MODULES = YES;
				CLANG_ENABLE_OBJC_ARC = YES;
				CLANG_WARN_BOOL_CONVERSION = YES;
				CLANG_WARN_CONSTANT_CONVERSION = YES;
				CLANG_WARN_DIRECT_OBJC_ISA_USAGE = YES_ERROR;
				CLANG_WARN_EMPTY_BODY = YES;
				CLANG_WARN_ENUM_CONVERSION = YES;
				CLANG_WARN_INT_CONVERSION = YES;
				CLANG_WARN_OBJC_ROOT_CLASS = YES_ERROR;
				CLANG_WARN_UNREACHABLE_CODE = YES;
				CLANG_WARN__DUPLICATE_METHOD_MATCH = YES;
				"CODE_SIGN_IDENTITY[sdk=iphoneos*]" = "iPhone Developer";
				COPY_PHASE_STRIP = YES;
				ENABLE_NS_ASSERTIONS = NO;
				ENABLE_STRICT_OBJC_MSGSEND = YES;
				GCC_C_LANGUAGE_STANDARD = gnu99;
				GCC_WARN_64_TO_32_BIT_CONVERSION = YES;
				GCC_WARN_ABOUT_RETURN_TYPE = YES_ERROR;
				GCC_WARN_UNDECLARED_SELECTOR = YES;
				GCC_WARN_UNINITIALIZED_AUTOS = YES_AGGRESSIVE;
				GCC_WARN_UNUSED_FUNCTION = YES;
				GCC_WARN_UNUSED_VARIABLE = YES;
				IPHONEOS_DEPLOYMENT_TARGET = 8.1;
				MTL_ENABLE_DEBUG_INFO = NO;
				SDKROOT = iphoneos;
				VALIDATE_PRODUCT = YES;
			};
			name = Release;
		};
		C7934BA71AA5649100201915 /* Debug */ = {
			isa = XCBuildConfiguration;
			buildSettings = {
				ASSETCATALOG_COMPILER_APPICON_NAME = AppIcon;
				INFOPLIST_FILE = SimpleSampler/Info.plist;
				LD_RUNPATH_SEARCH_PATHS = "$(inherited) @executable_path/Frameworks";
				PRODUCT_NAME = "$(TARGET_NAME)";
			};
			name = Debug;
		};
		C7934BA81AA5649100201915 /* Release */ = {
			isa = XCBuildConfiguration;
			buildSettings = {
				ASSETCATALOG_COMPILER_APPICON_NAME = AppIcon;
				INFOPLIST_FILE = SimpleSampler/Info.plist;
				LD_RUNPATH_SEARCH_PATHS = "$(inherited) @executable_path/Frameworks";
				PRODUCT_NAME = "$(TARGET_NAME)";
			};
			name = Release;
		};
		C7934BAA1AA5649100201915 /* Debug */ = {
			isa = XCBuildConfiguration;
			buildSettings = {
				BUNDLE_LOADER = "$(TEST_HOST)";
				FRAMEWORK_SEARCH_PATHS = (
					"$(SDKROOT)/Developer/Library/Frameworks",
					"$(inherited)",
				);
				GCC_PREPROCESSOR_DEFINITIONS = (
					"DEBUG=1",
					"$(inherited)",
				);
				INFOPLIST_FILE = SimpleSamplerTests/Info.plist;
				LD_RUNPATH_SEARCH_PATHS = "$(inherited) @executable_path/Frameworks @loader_path/Frameworks";
				PRODUCT_NAME = "$(TARGET_NAME)";
				TEST_HOST = "$(BUILT_PRODUCTS_DIR)/SimpleSampler.app/SimpleSampler";
			};
			name = Debug;
		};
		C7934BAB1AA5649100201915 /* Release */ = {
			isa = XCBuildConfiguration;
			buildSettings = {
				BUNDLE_LOADER = "$(TEST_HOST)";
				FRAMEWORK_SEARCH_PATHS = (
					"$(SDKROOT)/Developer/Library/Frameworks",
					"$(inherited)",
				);
				INFOPLIST_FILE = SimpleSamplerTests/Info.plist;
				LD_RUNPATH_SEARCH_PATHS = "$(inherited) @executable_path/Frameworks @loader_path/Frameworks";
				PRODUCT_NAME = "$(TARGET_NAME)";
				TEST_HOST = "$(BUILT_PRODUCTS_DIR)/SimpleSampler.app/SimpleSampler";
			};
			name = Release;
		};
/* End XCBuildConfiguration section */

/* Begin XCConfigurationList section */
		C7934B7E1AA5649000201915 /* Build configuration list for PBXProject "SimpleSampler" */ = {
			isa = XCConfigurationList;
			buildConfigurations = (
				C7934BA41AA5649100201915 /* Debug */,
				C7934BA51AA5649100201915 /* Release */,
			);
			defaultConfigurationIsVisible = 0;
			defaultConfigurationName = Release;
		};
		C7934BA61AA5649100201915 /* Build configuration list for PBXNativeTarget "SimpleSampler" */ = {
			isa = XCConfigurationList;
			buildConfigurations = (
				C7934BA71AA5649100201915 /* Debug */,
				C7934BA81AA5649100201915 /* Release */,
			);
			defaultConfigurationIsVisible = 0;
			defaultConfigurationName = Release;
		};
		C7934BA91AA5649100201915 /* Build configuration list for PBXNativeTarget "SimpleSamplerTests" */ = {
			isa = XCConfigurationList;
			buildConfigurations = (
				C7934BAA1AA5649100201915 /* Debug */,
				C7934BAB1AA5649100201915 /* Release */,
			);
			defaultConfigurationIsVisible = 0;
			defaultConfigurationName = Release;
		};
/* End XCConfigurationList section */
	};
	rootObject = C7934B7B1AA5649000201915 /* Project object */;
}
